
Microsoft Visual Studio Solution File, Format Version 12.00
# Visual Studio Version 16
VisualStudioVersion = 16.0.30114.105
MinimumVisualStudioVersion = 10.0.40219.1
Project("{FAE04EC0-301F-11D3-BF4B-00C04F79EFBC}") = "TicTacToeWPF", "TicTacToeWPF\TicTacToeWPF.csproj", "{CA917A5A-02AB-4B1C-BA41-32E42732CBAC}"
EndProject
Global
	GlobalSection(SolutionConfigurationPlatforms) = preSolution
		Debug|Any CPU = Debug|Any CPU
		Release|Any CPU = Release|Any CPU
	EndGlobalSection
	GlobalSection(ProjectConfigurationPlatforms) = postSolution
		{CA917A5A-02AB-4B1C-BA41-32E42732CBAC}.Debug|Any CPU.ActiveCfg = Debug|Any CPU
		{CA917A5A-02AB-4B1C-BA41-32E42732CBAC}.Debug|Any CPU.Build.0 = Debug|Any CPU
		{CA917A5A-02AB-4B1C-BA41-32E42732CBAC}.Release|Any CPU.ActiveCfg = Release|Any CPU
		{CA917A5A-02AB-4B1C-BA41-32E42732CBAC}.Release|Any CPU.Build.0 = Release|Any CPU
	EndGlobalSection
	GlobalSection(SolutionProperties) = preSolution
		HideSolutionNode = FALSE
	EndGlobalSection
	GlobalSection(ExtensibilityGlobals) = postSolution
		SolutionGuid = {8087D6D7-C9EC-4079-9165-329479708829}
	EndGlobalSection
EndGlobal
